
Microsoft Visual Studio Solution File, Format Version 12.00
# Visual Studio 14
VisualStudioVersion = 14.0.24720.0
MinimumVisualStudioVersion = 10.0.40219.1
Project("{FAE04EC0-301F-11D3-BF4B-00C04F79EFBC}") = "DATAO", "DATAO\DATAO.csproj", "{7F655272-7932-45DF-AD42-24E545482019}"
	ProjectSection(ProjectDependencies) = postProject
		{7245203A-666C-4F74-9090-E2E4E304E117} = {7245203A-666C-4F74-9090-E2E4E304E117}
		{BAEABFEC-E555-4A9D-9C56-3343EEBDCE92} = {BAEABFEC-E555-4A9D-9C56-3343EEBDCE92}
	EndProjectSection
EndProject
Project("{FAE04EC0-301F-11D3-BF4B-00C04F79EFBC}") = "DataoTests", "DataoTests\DataoTests.csproj", "{51EFBD3D-CD99-4BAE-A212-1E1B584378E6}"
EndProject
Project("{FAE04EC0-301F-11D3-BF4B-00C04F79EFBC}") = "Organization", "Organization\Organization.csproj", "{BAEABFEC-E555-4A9D-9C56-3343EEBDCE92}"
EndProject
Project("{FAE04EC0-301F-11D3-BF4B-00C04F79EFBC}") = "ExcelManager", "ExcelManager\ExcelManager.csproj", "{7245203A-666C-4F74-9090-E2E4E304E117}"
EndProject
Global
	GlobalSection(SolutionConfigurationPlatforms) = preSolution
		Debug|Any CPU = Debug|Any CPU
		Release|Any CPU = Release|Any CPU
	EndGlobalSection
	GlobalSection(ProjectConfigurationPlatforms) = postSolution
		{7F655272-7932-45DF-AD42-24E545482019}.Debug|Any CPU.ActiveCfg = Debug|Any CPU
		{7F655272-7932-45DF-AD42-24E545482019}.Debug|Any CPU.Build.0 = Debug|Any CPU
		{7F655272-7932-45DF-AD42-24E545482019}.Release|Any CPU.ActiveCfg = Release|Any CPU
		{7F655272-7932-45DF-AD42-24E545482019}.Release|Any CPU.Build.0 = Release|Any CPU
		{51EFBD3D-CD99-4BAE-A212-1E1B584378E6}.Debug|Any CPU.ActiveCfg = Debug|Any CPU
		{51EFBD3D-CD99-4BAE-A212-1E1B584378E6}.Debug|Any CPU.Build.0 = Debug|Any CPU
		{51EFBD3D-CD99-4BAE-A212-1E1B584378E6}.Release|Any CPU.ActiveCfg = Release|Any CPU
		{51EFBD3D-CD99-4BAE-A212-1E1B584378E6}.Release|Any CPU.Build.0 = Release|Any CPU
		{BAEABFEC-E555-4A9D-9C56-3343EEBDCE92}.Debug|Any CPU.ActiveCfg = Debug|Any CPU
		{BAEABFEC-E555-4A9D-9C56-3343EEBDCE92}.Debug|Any CPU.Build.0 = Debug|Any CPU
		{BAEABFEC-E555-4A9D-9C56-3343EEBDCE92}.Release|Any CPU.ActiveCfg = Release|Any CPU
		{BAEABFEC-E555-4A9D-9C56-3343EEBDCE92}.Release|Any CPU.Build.0 = Release|Any CPU
		{7245203A-666C-4F74-9090-E2E4E304E117}.Debug|Any CPU.ActiveCfg = Debug|Any CPU
		{7245203A-666C-4F74-9090-E2E4E304E117}.Debug|Any CPU.Build.0 = Debug|Any CPU
		{7245203A-666C-4F74-9090-E2E4E304E117}.Release|Any CPU.ActiveCfg = Release|Any CPU
		{7245203A-666C-4F74-9090-E2E4E304E117}.Release|Any CPU.Build.0 = Release|Any CPU
	EndGlobalSection
	GlobalSection(SolutionProperties) = preSolution
		HideSolutionNode = FALSE
	EndGlobalSection
EndGlobal
